// !$*UTF8*$!
{
	archiveVersion = 1;
	classes = {
	};
	objectVersion = 50;
	objects = {

/* Begin PBXBuildFile section */
		1D25EB8925A0374400A54B6E /* SMRBoxDemoController.m in Sources */ = {isa = PBXBuildFile; fileRef = 1D25EB8825A0374400A54B6E /* SMRBoxDemoController.m */; };
		1D25EB8E25A0375000A54B6E /* SMRRowDemoController.m in Sources */ = {isa = PBXBuildFile; fileRef = 1D25EB8D25A0375000A54B6E /* SMRRowDemoController.m */; };
		1D25EB9225A0376200A54B6E /* SMRColumnDemoController.m in Sources */ = {isa = PBXBuildFile; fileRef = 1D25EB9125A0376200A54B6E /* SMRColumnDemoController.m */; };
		1D25EB9825A068CE00A54B6E /* SMRBaseController.m in Sources */ = {isa = PBXBuildFile; fileRef = 1D25EB9725A068CE00A54B6E /* SMRBaseController.m */; };
		1D25EB9E25A2001700A54B6E /* SMRScaffodDemoController.m in Sources */ = {isa = PBXBuildFile; fileRef = 1D25EB9D25A2001700A54B6E /* SMRScaffodDemoController.m */; };
		1D48254B259820C7001E4D74 /* AppDelegate.m in Sources */ = {isa = PBXBuildFile; fileRef = 1D48254A259820C7001E4D74 /* AppDelegate.m */; };
		1D48254E259820C7001E4D74 /* SceneDelegate.m in Sources */ = {isa = PBXBuildFile; fileRef = 1D48254D259820C7001E4D74 /* SceneDelegate.m */; };
		1D482551259820C7001E4D74 /* ViewController.m in Sources */ = {isa = PBXBuildFile; fileRef = 1D482550259820C7001E4D74 /* ViewController.m */; };
		1D482554259820C7001E4D74 /* Main.storyboard in Resources */ = {isa = PBXBuildFile; fileRef = 1D482552259820C7001E4D74 /* Main.storyboard */; };
		1D482556259820C8001E4D74 /* Assets.xcassets in Resources */ = {isa = PBXBuildFile; fileRef = 1D482555259820C8001E4D74 /* Assets.xcassets */; };
		1D482559259820C8001E4D74 /* LaunchScreen.storyboard in Resources */ = {isa = PBXBuildFile; fileRef = 1D482557259820C8001E4D74 /* LaunchScreen.storyboard */; };
		1D48255C259820C8001E4D74 /* main.m in Sources */ = {isa = PBXBuildFile; fileRef = 1D48255B259820C8001E4D74 /* main.m */; };
		1DA97C3D25987EA2007A056D /* SMRScaffod.m in Sources */ = {isa = PBXBuildFile; fileRef = 1DA97C3425987EA2007A056D /* SMRScaffod.m */; };
		1DA97C3E25987EA2007A056D /* SMRLayout.m in Sources */ = {isa = PBXBuildFile; fileRef = 1DA97C3625987EA2007A056D /* SMRLayout.m */; };
		1DA97C3F25987EA2007A056D /* SMRNavigationView.m in Sources */ = {isa = PBXBuildFile; fileRef = 1DA97C3A25987EA2007A056D /* SMRNavigationView.m */; };
/* End PBXBuildFile section */

/* Begin PBXFileReference section */
		1D25EB8725A0374400A54B6E /* SMRBoxDemoController.h */ = {isa = PBXFileReference; lastKnownFileType = sourcecode.c.h; path = SMRBoxDemoController.h; sourceTree = "<group>"; };
		1D25EB8825A0374400A54B6E /* SMRBoxDemoController.m */ = {isa = PBXFileReference; lastKnownFileType = sourcecode.c.objc; path = SMRBoxDemoController.m; sourceTree = "<group>"; };
		1D25EB8C25A0375000A54B6E /* SMRRowDemoController.h */ = {isa = PBXFileReference; lastKnownFileType = sourcecode.c.h; path = SMRRowDemoController.h; sourceTree = "<group>"; };
		1D25EB8D25A0375000A54B6E /* SMRRowDemoController.m */ = {isa = PBXFileReference; lastKnownFileType = sourcecode.c.objc; path = SMRRowDemoController.m; sourceTree = "<group>"; };
		1D25EB9025A0376200A54B6E /* SMRColumnDemoController.h */ = {isa = PBXFileReference; lastKnownFileType = sourcecode.c.h; path = SMRColumnDemoController.h; sourceTree = "<group>"; };
		1D25EB9125A0376200A54B6E /* SMRColumnDemoController.m */ = {isa = PBXFileReference; lastKnownFileType = sourcecode.c.objc; path = SMRColumnDemoController.m; sourceTree = "<group>"; };
		1D25EB9625A068CE00A54B6E /* SMRBaseController.h */ = {isa = PBXFileReference; lastKnownFileType = sourcecode.c.h; path = SMRBaseController.h; sourceTree = "<group>"; };
		1D25EB9725A068CE00A54B6E /* SMRBaseController.m */ = {isa = PBXFileReference; lastKnownFileType = sourcecode.c.objc; path = SMRBaseController.m; sourceTree = "<group>"; };
		1D25EB9C25A2001700A54B6E /* SMRScaffodDemoController.h */ = {isa = PBXFileReference; lastKnownFileType = sourcecode.c.h; path = SMRScaffodDemoController.h; sourceTree = "<group>"; };
		1D25EB9D25A2001700A54B6E /* SMRScaffodDemoController.m */ = {isa = PBXFileReference; lastKnownFileType = sourcecode.c.objc; path = SMRScaffodDemoController.m; sourceTree = "<group>"; };
		1D482546259820C7001E4D74 /* SMRLayoutsDemo.app */ = {isa = PBXFileReference; explicitFileType = wrapper.application; includeInIndex = 0; path = SMRLayoutsDemo.app; sourceTree = BUILT_PRODUCTS_DIR; };
		1D482549259820C7001E4D74 /* AppDelegate.h */ = {isa = PBXFileReference; lastKnownFileType = sourcecode.c.h; path = AppDelegate.h; sourceTree = "<group>"; };
		1D48254A259820C7001E4D74 /* AppDelegate.m */ = {isa = PBXFileReference; lastKnownFileType = sourcecode.c.objc; path = AppDelegate.m; sourceTree = "<group>"; };
		1D48254C259820C7001E4D74 /* SceneDelegate.h */ = {isa = PBXFileReference; lastKnownFileType = sourcecode.c.h; path = SceneDelegate.h; sourceTree = "<group>"; };
		1D48254D259820C7001E4D74 /* SceneDelegate.m */ = {isa = PBXFileReference; lastKnownFileType = sourcecode.c.objc; path = SceneDelegate.m; sourceTree = "<group>"; };
		1D48254F259820C7001E4D74 /* ViewController.h */ = {isa = PBXFileReference; lastKnownFileType = sourcecode.c.h; path = ViewController.h; sourceTree = "<group>"; };
		1D482550259820C7001E4D74 /* ViewController.m */ = {isa = PBXFileReference; lastKnownFileType = sourcecode.c.objc; path = ViewController.m; sourceTree = "<group>"; };
		1D482553259820C7001E4D74 /* Base */ = {isa = PBXFileReference; lastKnownFileType = file.storyboard; name = Base; path = Base.lproj/Main.storyboard; sourceTree = "<group>"; };
		1D482555259820C8001E4D74 /* Assets.xcassets */ = {isa = PBXFileReference; lastKnownFileType = folder.assetcatalog; path = Assets.xcassets; sourceTree = "<group>"; };
		1D482558259820C8001E4D74 /* Base */ = {isa = PBXFileReference; lastKnownFileType = file.storyboard; name = Base; path = Base.lproj/LaunchScreen.storyboard; sourceTree = "<group>"; };
		1D48255A259820C8001E4D74 /* Info.plist */ = {isa = PBXFileReference; lastKnownFileType = text.plist.xml; path = Info.plist; sourceTree = "<group>"; };
		1D48255B259820C8001E4D74 /* main.m */ = {isa = PBXFileReference; lastKnownFileType = sourcecode.c.objc; path = main.m; sourceTree = "<group>"; };
		1DA97C3125987EA2007A056D /* SMRGeometry.h */ = {isa = PBXFileReference; fileEncoding = 4; lastKnownFileType = sourcecode.c.h; path = SMRGeometry.h; sourceTree = "<group>"; };
		1DA97C3325987EA2007A056D /* SMRScaffod.h */ = {isa = PBXFileReference; fileEncoding = 4; lastKnownFileType = sourcecode.c.h; path = SMRScaffod.h; sourceTree = "<group>"; };
		1DA97C3425987EA2007A056D /* SMRScaffod.m */ = {isa = PBXFileReference; fileEncoding = 4; lastKnownFileType = sourcecode.c.objc; path = SMRScaffod.m; sourceTree = "<group>"; };
		1DA97C3525987EA2007A056D /* SMRWidgets.h */ = {isa = PBXFileReference; fileEncoding = 4; lastKnownFileType = sourcecode.c.h; path = SMRWidgets.h; sourceTree = "<group>"; };
		1DA97C3625987EA2007A056D /* SMRLayout.m */ = {isa = PBXFileReference; fileEncoding = 4; lastKnownFileType = sourcecode.c.objc; path = SMRLayout.m; sourceTree = "<group>"; };
		1DA97C3825987EA2007A056D /* SMRViews.h */ = {isa = PBXFileReference; fileEncoding = 4; lastKnownFileType = sourcecode.c.h; path = SMRViews.h; sourceTree = "<group>"; };
		1DA97C3925987EA2007A056D /* SMRNavigationView.h */ = {isa = PBXFileReference; fileEncoding = 4; lastKnownFileType = sourcecode.c.h; path = SMRNavigationView.h; sourceTree = "<group>"; };
		1DA97C3A25987EA2007A056D /* SMRNavigationView.m */ = {isa = PBXFileReference; fileEncoding = 4; lastKnownFileType = sourcecode.c.objc; path = SMRNavigationView.m; sourceTree = "<group>"; };
		1DA97C3B25987EA2007A056D /* SMRLayout.h */ = {isa = PBXFileReference; fileEncoding = 4; lastKnownFileType = sourcecode.c.h; path = SMRLayout.h; sourceTree = "<group>"; };
		1DA97C3C25987EA2007A056D /* SMRLayouts.h */ = {isa = PBXFileReference; fileEncoding = 4; lastKnownFileType = sourcecode.c.h; path = SMRLayouts.h; sourceTree = "<group>"; };
/* End PBXFileReference section */

/* Begin PBXFrameworksBuildPhase section */
		1D482543259820C7001E4D74 /* Frameworks */ = {
			isa = PBXFrameworksBuildPhase;
			buildActionMask = 2147483647;
			files = (
			);
			runOnlyForDeploymentPostprocessing = 0;
		};
/* End PBXFrameworksBuildPhase section */

/* Begin PBXGroup section */
		1D25EB7D259ED9CC00A54B6E /* examples */ = {
			isa = PBXGroup;
			children = (
				1D25EB83259EDA1E00A54B6E /* widgets */,
				1D25EB7E259ED9FC00A54B6E /* animations */,
				1D25EB81259ED9FC00A54B6E /* combinations */,
			);
			path = examples;
			sourceTree = "<group>";
		};
		1D25EB7E259ED9FC00A54B6E /* animations */ = {
			isa = PBXGroup;
			children = (
			);
			path = animations;
			sourceTree = "<group>";
		};
		1D25EB81259ED9FC00A54B6E /* combinations */ = {
			isa = PBXGroup;
			children = (
			);
			path = combinations;
			sourceTree = "<group>";
		};
		1D25EB83259EDA1E00A54B6E /* widgets */ = {
			isa = PBXGroup;
			children = (
				1D25EB9B25A2000100A54B6E /* scaffod */,
				1D25EB84259EDA1E00A54B6E /* box */,
				1D25EB85259EDA1E00A54B6E /* column */,
				1D25EB86259EDA1E00A54B6E /* row */,
			);
			path = widgets;
			sourceTree = "<group>";
		};
		1D25EB84259EDA1E00A54B6E /* box */ = {
			isa = PBXGroup;
			children = (
				1D25EB8725A0374400A54B6E /* SMRBoxDemoController.h */,
				1D25EB8825A0374400A54B6E /* SMRBoxDemoController.m */,
			);
			path = box;
			sourceTree = "<group>";
		};
		1D25EB85259EDA1E00A54B6E /* column */ = {
			isa = PBXGroup;
			children = (
				1D25EB9025A0376200A54B6E /* SMRColumnDemoController.h */,
				1D25EB9125A0376200A54B6E /* SMRColumnDemoController.m */,
			);
			path = column;
			sourceTree = "<group>";
		};
		1D25EB86259EDA1E00A54B6E /* row */ = {
			isa = PBXGroup;
			children = (
				1D25EB8C25A0375000A54B6E /* SMRRowDemoController.h */,
				1D25EB8D25A0375000A54B6E /* SMRRowDemoController.m */,
			);
			path = row;
			sourceTree = "<group>";
		};
		1D25EB9B25A2000100A54B6E /* scaffod */ = {
			isa = PBXGroup;
			children = (
				1D25EB9C25A2001700A54B6E /* SMRScaffodDemoController.h */,
				1D25EB9D25A2001700A54B6E /* SMRScaffodDemoController.m */,
			);
			path = scaffod;
			sourceTree = "<group>";
		};
		1D48253D259820C6001E4D74 = {
			isa = PBXGroup;
			children = (
				1DA97C3025987EA2007A056D /* SMRLayouts */,
				1D482548259820C7001E4D74 /* SMRLayoutsDemo */,
				1D482547259820C7001E4D74 /* Products */,
			);
			sourceTree = "<group>";
		};
		1D482547259820C7001E4D74 /* Products */ = {
			isa = PBXGroup;
			children = (
				1D482546259820C7001E4D74 /* SMRLayoutsDemo.app */,
			);
			name = Products;
			sourceTree = "<group>";
		};
		1D482548259820C7001E4D74 /* SMRLayoutsDemo */ = {
			isa = PBXGroup;
			children = (
				1D482549259820C7001E4D74 /* AppDelegate.h */,
				1D48254A259820C7001E4D74 /* AppDelegate.m */,
				1D48254C259820C7001E4D74 /* SceneDelegate.h */,
				1D48254D259820C7001E4D74 /* SceneDelegate.m */,
				1D25EB9625A068CE00A54B6E /* SMRBaseController.h */,
				1D25EB9725A068CE00A54B6E /* SMRBaseController.m */,
				1D48254F259820C7001E4D74 /* ViewController.h */,
				1D482550259820C7001E4D74 /* ViewController.m */,
				1D25EB7D259ED9CC00A54B6E /* examples */,
				1D482552259820C7001E4D74 /* Main.storyboard */,
				1D482555259820C8001E4D74 /* Assets.xcassets */,
				1D482557259820C8001E4D74 /* LaunchScreen.storyboard */,
				1D48255A259820C8001E4D74 /* Info.plist */,
				1D48255B259820C8001E4D74 /* main.m */,
			);
			path = SMRLayoutsDemo;
			sourceTree = "<group>";
		};
		1DA97C3025987EA2007A056D /* SMRLayouts */ = {
			isa = PBXGroup;
			children = (
				1DA97C3125987EA2007A056D /* SMRGeometry.h */,
				1DA97C3B25987EA2007A056D /* SMRLayout.h */,
				1DA97C3625987EA2007A056D /* SMRLayout.m */,
				1DA97C3C25987EA2007A056D /* SMRLayouts.h */,
				1DA97C3725987EA2007A056D /* SMRViews */,
				1DA97C3225987EA2007A056D /* SMRWidgets */,
			);
			path = SMRLayouts;
			sourceTree = "<group>";
		};
		1DA97C3225987EA2007A056D /* SMRWidgets */ = {
			isa = PBXGroup;
			children = (
				1DA97C3325987EA2007A056D /* SMRScaffod.h */,
				1DA97C3425987EA2007A056D /* SMRScaffod.m */,
				1DA97C3525987EA2007A056D /* SMRWidgets.h */,
			);
			path = SMRWidgets;
			sourceTree = "<group>";
		};
		1DA97C3725987EA2007A056D /* SMRViews */ = {
			isa = PBXGroup;
			children = (
				1DA97C3925987EA2007A056D /* SMRNavigationView.h */,
				1DA97C3A25987EA2007A056D /* SMRNavigationView.m */,
				1DA97C3825987EA2007A056D /* SMRViews.h */,
			);
			path = SMRViews;
			sourceTree = "<group>";
		};
/* End PBXGroup section */

/* Begin PBXNativeTarget section */
		1D482545259820C7001E4D74 /* SMRLayoutsDemo */ = {
			isa = PBXNativeTarget;
			buildConfigurationList = 1D48255F259820C8001E4D74 /* Build configuration list for PBXNativeTarget "SMRLayoutsDemo" */;
			buildPhases = (
				1D482542259820C7001E4D74 /* Sources */,
				1D482543259820C7001E4D74 /* Frameworks */,
				1D482544259820C7001E4D74 /* Resources */,
			);
			buildRules = (
			);
			dependencies = (
			);
			name = SMRLayoutsDemo;
			productName = SMRLayoutsDemo;
			productReference = 1D482546259820C7001E4D74 /* SMRLayoutsDemo.app */;
			productType = "com.apple.product-type.application";
		};
/* End PBXNativeTarget section */

/* Begin PBXProject section */
		1D48253E259820C6001E4D74 /* Project object */ = {
			isa = PBXProject;
			attributes = {
				LastUpgradeCheck = 1230;
				TargetAttributes = {
					1D482545259820C7001E4D74 = {
						CreatedOnToolsVersion = 12.3;
					};
				};
			};
			buildConfigurationList = 1D482541259820C6001E4D74 /* Build configuration list for PBXProject "SMRLayoutsDemo" */;
			compatibilityVersion = "Xcode 9.3";
			developmentRegion = en;
			hasScannedForEncodings = 0;
			knownRegions = (
				en,
				Base,
			);
			mainGroup = 1D48253D259820C6001E4D74;
			productRefGroup = 1D482547259820C7001E4D74 /* Products */;
			projectDirPath = "";
			projectRoot = "";
			targets = (
				1D482545259820C7001E4D74 /* SMRLayoutsDemo */,
			);
		};
/* End PBXProject section */

/* Begin PBXResourcesBuildPhase section */
		1D482544259820C7001E4D74 /* Resources */ = {
			isa = PBXResourcesBuildPhase;
			buildActionMask = 2147483647;
			files = (
				1D482559259820C8001E4D74 /* LaunchScreen.storyboard in Resources */,
				1D482556259820C8001E4D74 /* Assets.xcassets in Resources */,
				1D482554259820C7001E4D74 /* Main.storyboard in Resources */,
			);
			runOnlyForDeploymentPostprocessing = 0;
		};
/* End PBXResourcesBuildPhase section */

/* Begin PBXSourcesBuildPhase section */
		1D482542259820C7001E4D74 /* Sources */ = {
			isa = PBXSourcesBuildPhase;
			buildActionMask = 2147483647;
			files = (
				1DA97C3F25987EA2007A056D /* SMRNavigationView.m in Sources */,
				1D25EB9825A068CE00A54B6E /* SMRBaseController.m in Sources */,
				1D25EB9E25A2001700A54B6E /* SMRScaffodDemoController.m in Sources */,
				1DA97C3D25987EA2007A056D /* SMRScaffod.m in Sources */,
				1D482551259820C7001E4D74 /* ViewController.m in Sources */,
				1D48254B259820C7001E4D74 /* AppDelegate.m in Sources */,
				1D48255C259820C8001E4D74 /* main.m in Sources */,
				1D25EB8925A0374400A54B6E /* SMRBoxDemoController.m in Sources */,
				1D25EB8E25A0375000A54B6E /* SMRRowDemoController.m in Sources */,
				1DA97C3E25987EA2007A056D /* SMRLayout.m in Sources */,
				1D48254E259820C7001E4D74 /* SceneDelegate.m in Sources */,
				1D25EB9225A0376200A54B6E /* SMRColumnDemoController.m in Sources */,
			);
			runOnlyForDeploymentPostprocessing = 0;
		};
/* End PBXSourcesBuildPhase section */

/* Begin PBXVariantGroup section */
		1D482552259820C7001E4D74 /* Main.storyboard */ = {
			isa = PBXVariantGroup;
			children = (
				1D482553259820C7001E4D74 /* Base */,
			);
			name = Main.storyboard;
			sourceTree = "<group>";
		};
		1D482557259820C8001E4D74 /* LaunchScreen.storyboard */ = {
			isa = PBXVariantGroup;
			children = (
				1D482558259820C8001E4D74 /* Base */,
			);
			name = LaunchScreen.storyboard;
			sourceTree = "<group>";
		};
/* End PBXVariantGroup section */

/* Begin XCBuildConfiguration section */
		1D48255D259820C8001E4D74 /* Debug */ = {
			isa = XCBuildConfiguration;
			buildSettings = {
				ALWAYS_SEARCH_USER_PATHS = NO;
				CLANG_ANALYZER_NONNULL = YES;
				CLANG_ANALYZER_NUMBER_OBJECT_CONVERSION = YES_AGGRESSIVE;
				CLANG_CXX_LANGUAGE_STANDARD = "gnu++14";
				CLANG_CXX_LIBRARY = "libc++";
				CLANG_ENABLE_MODULES = YES;
				CLANG_ENABLE_OBJC_ARC = YES;
				CLANG_ENABLE_OBJC_WEAK = YES;
				CLANG_WARN_BLOCK_CAPTURE_AUTORELEASING = YES;
				CLANG_WARN_BOOL_CONVERSION = YES;
				CLANG_WARN_COMMA = YES;
				CLANG_WARN_CONSTANT_CONVERSION = YES;
				CLANG_WARN_DEPRECATED_OBJC_IMPLEMENTATIONS = YES;
				CLANG_WARN_DIRECT_OBJC_ISA_USAGE = YES_ERROR;
				CLANG_WARN_DOCUMENTATION_COMMENTS = YES;
				CLANG_WARN_EMPTY_BODY = YES;
				CLANG_WARN_ENUM_CONVERSION = YES;
				CLANG_WARN_INFINITE_RECURSION = YES;
				CLANG_WARN_INT_CONVERSION = YES;
				CLANG_WARN_NON_LITERAL_NULL_CONVERSION = YES;
				CLANG_WARN_OBJC_IMPLICIT_RETAIN_SELF = YES;
				CLANG_WARN_OBJC_LITERAL_CONVERSION = YES;
				CLANG_WARN_OBJC_ROOT_CLASS = YES_ERROR;
				CLANG_WARN_QUOTED_INCLUDE_IN_FRAMEWORK_HEADER = YES;
				CLANG_WARN_RANGE_LOOP_ANALYSIS = YES;
				CLANG_WARN_STRICT_PROTOTYPES = YES;
				CLANG_WARN_SUSPICIOUS_MOVE = YES;
				CLANG_WARN_UNGUARDED_AVAILABILITY = YES_AGGRESSIVE;
				CLANG_WARN_UNREACHABLE_CODE = YES;
				CLANG_WARN__DUPLICATE_METHOD_MATCH = YES;
				COPY_PHASE_STRIP = NO;
				DEBUG_INFORMATION_FORMAT = dwarf;
				ENABLE_STRICT_OBJC_MSGSEND = YES;
				ENABLE_TESTABILITY = YES;
				GCC_C_LANGUAGE_STANDARD = gnu11;
				GCC_DYNAMIC_NO_PIC = NO;
				GCC_NO_COMMON_BLOCKS = YES;
				GCC_OPTIMIZATION_LEVEL = 0;
				GCC_PREPROCESSOR_DEFINITIONS = (
					"DEBUG=1",
					"$(inherited)",
				);
				GCC_WARN_64_TO_32_BIT_CONVERSION = YES;
				GCC_WARN_ABOUT_RETURN_TYPE = YES_ERROR;
				GCC_WARN_UNDECLARED_SELECTOR = YES;
				GCC_WARN_UNINITIALIZED_AUTOS = YES_AGGRESSIVE;
				GCC_WARN_UNUSED_FUNCTION = YES;
				GCC_WARN_UNUSED_VARIABLE = YES;
				IPHONEOS_DEPLOYMENT_TARGET = 9.0;
				MTL_ENABLE_DEBUG_INFO = INCLUDE_SOURCE;
				MTL_FAST_MATH = YES;
				ONLY_ACTIVE_ARCH = YES;
				SDKROOT = iphoneos;
			};
			name = Debug;
		};
		1D48255E259820C8001E4D74 /* Release */ = {
			isa = XCBuildConfiguration;
			buildSettings = {
				ALWAYS_SEARCH_USER_PATHS = NO;
				CLANG_ANALYZER_NONNULL = YES;
				CLANG_ANALYZER_NUMBER_OBJECT_CONVERSION = YES_AGGRESSIVE;
				CLANG_CXX_LANGUAGE_STANDARD = "gnu++14";
				CLANG_CXX_LIBRARY = "libc++";
				CLANG_ENABLE_MODULES = YES;
				CLANG_ENABLE_OBJC_ARC = YES;
				CLANG_ENABLE_OBJC_WEAK = YES;
				CLANG_WARN_BLOCK_CAPTURE_AUTORELEASING = YES;
				CLANG_WARN_BOOL_CONVERSION = YES;
				CLANG_WARN_COMMA = YES;
				CLANG_WARN_CONSTANT_CONVERSION = YES;
				CLANG_WARN_DEPRECATED_OBJC_IMPLEMENTATIONS = YES;
				CLANG_WARN_DIRECT_OBJC_ISA_USAGE = YES_ERROR;
				CLANG_WARN_DOCUMENTATION_COMMENTS = YES;
				CLANG_WARN_EMPTY_BODY = YES;
				CLANG_WARN_ENUM_CONVERSION = YES;
				CLANG_WARN_INFINITE_RECURSION = YES;
				CLANG_WARN_INT_CONVERSION = YES;
				CLANG_WARN_NON_LITERAL_NULL_CONVERSION = YES;
				CLANG_WARN_OBJC_IMPLICIT_RETAIN_SELF = YES;
				CLANG_WARN_OBJC_LITERAL_CONVERSION = YES;
				CLANG_WARN_OBJC_ROOT_CLASS = YES_ERROR;
				CLANG_WARN_QUOTED_INCLUDE_IN_FRAMEWORK_HEADER = YES;
				CLANG_WARN_RANGE_LOOP_ANALYSIS = YES;
				CLANG_WARN_STRICT_PROTOTYPES = YES;
				CLANG_WARN_SUSPICIOUS_MOVE = YES;
				CLANG_WARN_UNGUARDED_AVAILABILITY = YES_AGGRESSIVE;
				CLANG_WARN_UNREACHABLE_CODE = YES;
				CLANG_WARN__DUPLICATE_METHOD_MATCH = YES;
				COPY_PHASE_STRIP = NO;
				DEBUG_INFORMATION_FORMAT = "dwarf-with-dsym";
				ENABLE_NS_ASSERTIONS = NO;
				ENABLE_STRICT_OBJC_MSGSEND = YES;
				GCC_C_LANGUAGE_STANDARD = gnu11;
				GCC_NO_COMMON_BLOCKS = YES;
				GCC_WARN_64_TO_32_BIT_CONVERSION = YES;
				GCC_WARN_ABOUT_RETURN_TYPE = YES_ERROR;
				GCC_WARN_UNDECLARED_SELECTOR = YES;
				GCC_WARN_UNINITIALIZED_AUTOS = YES_AGGRESSIVE;
				GCC_WARN_UNUSED_FUNCTION = YES;
				GCC_WARN_UNUSED_VARIABLE = YES;
				IPHONEOS_DEPLOYMENT_TARGET = 9.0;
				MTL_ENABLE_DEBUG_INFO = NO;
				MTL_FAST_MATH = YES;
				SDKROOT = iphoneos;
				VALIDATE_PRODUCT = YES;
			};
			name = Release;
		};
		1D482560259820C8001E4D74 /* Debug */ = {
			isa = XCBuildConfiguration;
			buildSettings = {
				ASSETCATALOG_COMPILER_APPICON_NAME = AppIcon;
				ASSETCATALOG_COMPILER_GLOBAL_ACCENT_COLOR_NAME = AccentColor;
				CODE_SIGN_STYLE = Automatic;
				DEVELOPMENT_TEAM = 8QXHGXQB5D;
				INFOPLIST_FILE = SMRLayoutsDemo/Info.plist;
				LD_RUNPATH_SEARCH_PATHS = (
					"$(inherited)",
					"@executable_path/Frameworks",
				);
				PRODUCT_BUNDLE_IDENTIFIER = com.sumrise.SMRLayoutsDemo;
				PRODUCT_NAME = "$(TARGET_NAME)";
				TARGETED_DEVICE_FAMILY = "1,2";
			};
			name = Debug;
		};
		1D482561259820C8001E4D74 /* Release */ = {
			isa = XCBuildConfiguration;
			buildSettings = {
				ASSETCATALOG_COMPILER_APPICON_NAME = AppIcon;
				ASSETCATALOG_COMPILER_GLOBAL_ACCENT_COLOR_NAME = AccentColor;
				CODE_SIGN_STYLE = Automatic;
				DEVELOPMENT_TEAM = 8QXHGXQB5D;
				INFOPLIST_FILE = SMRLayoutsDemo/Info.plist;
				LD_RUNPATH_SEARCH_PATHS = (
					"$(inherited)",
					"@executable_path/Frameworks",
				);
				PRODUCT_BUNDLE_IDENTIFIER = com.sumrise.SMRLayoutsDemo;
				PRODUCT_NAME = "$(TARGET_NAME)";
				TARGETED_DEVICE_FAMILY = "1,2";
			};
			name = Release;
		};
/* End XCBuildConfiguration section */

/* Begin XCConfigurationList section */
		1D482541259820C6001E4D74 /* Build configuration list for PBXProject "SMRLayoutsDemo" */ = {
			isa = XCConfigurationList;
			buildConfigurations = (
				1D48255D259820C8001E4D74 /* Debug */,
				1D48255E259820C8001E4D74 /* Release */,
			);
			defaultConfigurationIsVisible = 0;
			defaultConfigurationName = Release;
		};
		1D48255F259820C8001E4D74 /* Build configuration list for PBXNativeTarget "SMRLayoutsDemo" */ = {
			isa = XCConfigurationList;
			buildConfigurations = (
				1D482560259820C8001E4D74 /* Debug */,
				1D482561259820C8001E4D74 /* Release */,
			);
			defaultConfigurationIsVisible = 0;
			defaultConfigurationName = Release;
		};
/* End XCConfigurationList section */
	};
	rootObject = 1D48253E259820C6001E4D74 /* Project object */;
}
